
Microsoft Visual Studio Solution File, Format Version 12.00
# Visual Studio Version 16
VisualStudioVersion = 16.0.29201.188
MinimumVisualStudioVersion = 10.0.40219.1
Project("{8BC9CEB8-8B4A-11D0-8D11-00A0C91BC942}") = "Algorythm_1", "Algorythm_1\Algorythm_1.vcxproj", "{CDFF88B6-D2A5-4EFD-ADDB-34024323B319}"
EndProject
Global
	GlobalSection(SolutionConfigurationPlatforms) = preSolution
		Debug|x64 = Debug|x64
		Debug|x86 = Debug|x86
		Release|x64 = Release|x64
		Release|x86 = Release|x86
	EndGlobalSection
	GlobalSection(ProjectConfigurationPlatforms) = postSolution
		{CDFF88B6-D2A5-4EFD-ADDB-34024323B319}.Debug|x64.ActiveCfg = Debug|x64
		{CDFF88B6-D2A5-4EFD-ADDB-34024323B319}.Debug|x64.Build.0 = Debug|x64
		{CDFF88B6-D2A5-4EFD-ADDB-34024323B319}.Debug|x86.ActiveCfg = Debug|Win32
		{CDFF88B6-D2A5-4EFD-ADDB-34024323B319}.Debug|x86.Build.0 = Debug|Win32
		{CDFF88B6-D2A5-4EFD-ADDB-34024323B319}.Release|x64.ActiveCfg = Release|x64
		{CDFF88B6-D2A5-4EFD-ADDB-34024323B319}.Release|x64.Build.0 = Release|x64
		{CDFF88B6-D2A5-4EFD-ADDB-34024323B319}.Release|x86.ActiveCfg = Release|Win32
		{CDFF88B6-D2A5-4EFD-ADDB-34024323B319}.Release|x86.Build.0 = Release|Win32
	EndGlobalSection
	GlobalSection(SolutionProperties) = preSolution
		HideSolutionNode = FALSE
	EndGlobalSection
	GlobalSection(ExtensibilityGlobals) = postSolution
		SolutionGuid = {C4F26EE7-B70D-45AA-8B19-08BC0EFE8071}
	EndGlobalSection
EndGlobal
